
Microsoft Visual Studio Solution File, Format Version 12.00
# Visual Studio Version 17
VisualStudioVersion = 17.12.35521.163
MinimumVisualStudioVersion = 10.0.40219.1
Project("{FAE04EC0-301F-11D3-BF4B-00C04F79EFBC}") = "WindowsFormsApp1", "WindowsFormsApp1.csproj", "{7DEE768B-9842-4C7A-AE52-FDC8FCAAE789}"
EndProject
Project("{FAE04EC0-301F-11D3-BF4B-00C04F79EFBC}") = "ComponentesPersonalizados", "..\ComponentesPersonalizados\ComponentesPersonalizados.csproj", "{619CDE2C-55D7-4813-A3CF-E1D8251AE0D1}"
EndProject
Global
	GlobalSection(SolutionConfigurationPlatforms) = preSolution
		Debug|Any CPU = Debug|Any CPU
		Release|Any CPU = Release|Any CPU
	EndGlobalSection
	GlobalSection(ProjectConfigurationPlatforms) = postSolution
		{7DEE768B-9842-4C7A-AE52-FDC8FCAAE789}.Debug|Any CPU.ActiveCfg = Debug|Any CPU
		{7DEE768B-9842-4C7A-AE52-FDC8FCAAE789}.Debug|Any CPU.Build.0 = Debug|Any CPU
		{7DEE768B-9842-4C7A-AE52-FDC8FCAAE789}.Release|Any CPU.ActiveCfg = Release|Any CPU
		{7DEE768B-9842-4C7A-AE52-FDC8FCAAE789}.Release|Any CPU.Build.0 = Release|Any CPU
		{619CDE2C-55D7-4813-A3CF-E1D8251AE0D1}.Debug|Any CPU.ActiveCfg = Debug|Any CPU
		{619CDE2C-55D7-4813-A3CF-E1D8251AE0D1}.Debug|Any CPU.Build.0 = Debug|Any CPU
		{619CDE2C-55D7-4813-A3CF-E1D8251AE0D1}.Release|Any CPU.ActiveCfg = Release|Any CPU
		{619CDE2C-55D7-4813-A3CF-E1D8251AE0D1}.Release|Any CPU.Build.0 = Release|Any CPU
	EndGlobalSection
	GlobalSection(SolutionProperties) = preSolution
		HideSolutionNode = FALSE
	EndGlobalSection
EndGlobal
